{
  "name": "syrupsplash.in",
  "version": "1.0.0",
  "lockfileVersion": 2,
  "requires": true,
  "packages": {
    "": {
      "name": "syrupsplash.in",
      "version": "1.0.0",
      "license": "ISC",
      "dependencies": {
        "@fortawesome/fontawesome-free": "^5.15.4",
        "atropos": "^1.0.1",
        "vanilla-tilt": "^1.7.2"
      }
    },
    "node_modules/@fortawesome/fontawesome-free": {
      "version": "5.15.4",
      "resolved": "https://registry.npmjs.org/@fortawesome/fontawesome-free/-/fontawesome-free-5.15.4.tgz",
      "integrity": "sha512-eYm8vijH/hpzr/6/1CJ/V/Eb1xQFW2nnUKArb3z+yUWv7HTwj6M7SP957oMjfZjAHU6qpoNc2wQvIxBLWYa/Jg==",
      "hasInstallScript": true,
      "engines": {
        "node": ">=6"
      }
    },
    "node_modules/atropos": {
      "version": "1.0.1",
      "resolved": "https://registry.npmjs.org/atropos/-/atropos-1.0.1.tgz",
      "integrity": "sha512-MJwmKQ6OOM5Sbf8aEt2LasIXxKwuknQtaAplrlVcUlmGH63V+dAdQVGOPbgYJlhX74LgSifa0kbLvc6jyPLegg==",
      "engines": {
        "node": ">= 12.0.0"
      }
    },
    "node_modules/vanilla-tilt": {
      "version": "1.7.2",
      "resolved": "https://registry.npmjs.org/vanilla-tilt/-/vanilla-tilt-1.7.2.tgz",
      "integrity": "sha512-arf2wY2Y65rP6Zxve9PnUUnRl9nQ1KenPNae6QRaVq/PEvaIto2bC4jYirNJ19U7nLkzI1H9O+nYtcQlX7BTsA=="
    }
  },
  "dependencies": {
    "@fortawesome/fontawesome-free": {
      "version": "5.15.4",
      "resolved": "https://registry.npmjs.org/@fortawesome/fontawesome-free/-/fontawesome-free-5.15.4.tgz",
      "integrity": "sha512-eYm8vijH/hpzr/6/1CJ/V/Eb1xQFW2nnUKArb3z+yUWv7HTwj6M7SP957oMjfZjAHU6qpoNc2wQvIxBLWYa/Jg=="
    },
    "atropos": {
      "version": "1.0.1",
      "resolved": "https://registry.npmjs.org/atropos/-/atropos-1.0.1.tgz",
      "integrity": "sha512-MJwmKQ6OOM5Sbf8aEt2LasIXxKwuknQtaAplrlVcUlmGH63V+dAdQVGOPbgYJlhX74LgSifa0kbLvc6jyPLegg=="
    },
    "vanilla-tilt": {
      "version": "1.7.2",
      "resolved": "https://registry.npmjs.org/vanilla-tilt/-/vanilla-tilt-1.7.2.tgz",
      "integrity": "sha512-arf2wY2Y65rP6Zxve9PnUUnRl9nQ1KenPNae6QRaVq/PEvaIto2bC4jYirNJ19U7nLkzI1H9O+nYtcQlX7BTsA=="
    }
  }
}
